
Microsoft Visual Studio Solution File, Format Version 12.00
# Visual Studio Version 17
VisualStudioVersion = 17.4.33213.308
MinimumVisualStudioVersion = 10.0.40219.1
Project("{FAE04EC0-301F-11D3-BF4B-00C04F79EFBC}") = "Tweetero.API", "Tweetero.API\Tweetero.API.csproj", "{F05C5BDB-4F13-4556-B98A-C3BAE3C58677}"
EndProject
Global
	GlobalSection(SolutionConfigurationPlatforms) = preSolution
		Debug|Any CPU = Debug|Any CPU
		Release|Any CPU = Release|Any CPU
	EndGlobalSection
	GlobalSection(ProjectConfigurationPlatforms) = postSolution
		{F05C5BDB-4F13-4556-B98A-C3BAE3C58677}.Debug|Any CPU.ActiveCfg = Debug|Any CPU
		{F05C5BDB-4F13-4556-B98A-C3BAE3C58677}.Debug|Any CPU.Build.0 = Debug|Any CPU
		{F05C5BDB-4F13-4556-B98A-C3BAE3C58677}.Release|Any CPU.ActiveCfg = Release|Any CPU
		{F05C5BDB-4F13-4556-B98A-C3BAE3C58677}.Release|Any CPU.Build.0 = Release|Any CPU
	EndGlobalSection
	GlobalSection(SolutionProperties) = preSolution
		HideSolutionNode = FALSE
	EndGlobalSection
	GlobalSection(ExtensibilityGlobals) = postSolution
		SolutionGuid = {8DB3E67C-0FF4-4889-9C48-16C003AC720E}
	EndGlobalSection
EndGlobal
